{
  "name": "rollupdemo",
  "version": "1.0.0",
  "lockfileVersion": 1,
  "requires": true,
  "dependencies": {
    "@types/estree": {
      "version": "0.0.39",
      "resolved": "http://registry.npm.taobao.org/@types/estree/download/@types/estree-0.0.39.tgz",
      "integrity": "sha1-4Xfmme4bjCLSMXTKqnQiZEOJUJ8=",
      "dev": true
    },
    "@types/node": {
      "version": "10.9.4",
      "resolved": "http://registry.npm.taobao.org/@types/node/download/@types/node-10.9.4.tgz",
      "integrity": "sha1-D0yy3Hwd5glgVTV/cBeQQ8M+mJc=",
      "dev": true
    },
    "rollup": {
      "version": "0.65.2",
      "resolved": "http://registry.npm.taobao.org/rollup/download/rollup-0.65.2.tgz",
      "integrity": "sha1-4VMuPBouECyJ2ZKJoYT8u8fNS0o=",
      "dev": true,
      "requires": {
        "@types/estree": "0.0.39",
        "@types/node": "10.9.4"
      }
    }
  }
}
